
Microsoft Visual Studio Solution File, Format Version 12.00
# Visual Studio Version 17
VisualStudioVersion = 17.10.35027.167
MinimumVisualStudioVersion = 10.0.40219.1
Project("{FAE04EC0-301F-11D3-BF4B-00C04F79EFBC}") = "Char", "Char.csproj", "{7531B530-B365-43C3-B75F-4EBB11BE13B3}"
EndProject
Global
	GlobalSection(SolutionConfigurationPlatforms) = preSolution
		Debug|Any CPU = Debug|Any CPU
		Release|Any CPU = Release|Any CPU
	EndGlobalSection
	GlobalSection(ProjectConfigurationPlatforms) = postSolution
		{7531B530-B365-43C3-B75F-4EBB11BE13B3}.Debug|Any CPU.ActiveCfg = Debug|Any CPU
		{7531B530-B365-43C3-B75F-4EBB11BE13B3}.Debug|Any CPU.Build.0 = Debug|Any CPU
		{7531B530-B365-43C3-B75F-4EBB11BE13B3}.Release|Any CPU.ActiveCfg = Release|Any CPU
		{7531B530-B365-43C3-B75F-4EBB11BE13B3}.Release|Any CPU.Build.0 = Release|Any CPU
	EndGlobalSection
	GlobalSection(SolutionProperties) = preSolution
		HideSolutionNode = FALSE
	EndGlobalSection
	GlobalSection(ExtensibilityGlobals) = postSolution
		SolutionGuid = {4988E153-57F8-4565-92CA-F547EE0E8AA7}
	EndGlobalSection
EndGlobal
